
Microsoft Visual Studio Solution File, Format Version 12.00
# Visual Studio Version 17
VisualStudioVersion = 17.10.35122.118
MinimumVisualStudioVersion = 10.0.40219.1
Project("{FAE04EC0-301F-11D3-BF4B-00C04F79EFBC}") = "GestionTicketsAPI", "GestionTicketsAPI\GestionTicketsAPI.csproj", "{B7B04027-1677-4129-AFBD-F8081CA24A40}"
EndProject
Global
	GlobalSection(SolutionConfigurationPlatforms) = preSolution
		Debug|Any CPU = Debug|Any CPU
		Release|Any CPU = Release|Any CPU
	EndGlobalSection
	GlobalSection(ProjectConfigurationPlatforms) = postSolution
		{B7B04027-1677-4129-AFBD-F8081CA24A40}.Debug|Any CPU.ActiveCfg = Debug|Any CPU
		{B7B04027-1677-4129-AFBD-F8081CA24A40}.Debug|Any CPU.Build.0 = Debug|Any CPU
		{B7B04027-1677-4129-AFBD-F8081CA24A40}.Release|Any CPU.ActiveCfg = Release|Any CPU
		{B7B04027-1677-4129-AFBD-F8081CA24A40}.Release|Any CPU.Build.0 = Release|Any CPU
	EndGlobalSection
	GlobalSection(SolutionProperties) = preSolution
		HideSolutionNode = FALSE
	EndGlobalSection
	GlobalSection(ExtensibilityGlobals) = postSolution
		SolutionGuid = {AE80C993-BA40-48C8-A4A2-2F164283C1C5}
	EndGlobalSection
EndGlobal
